dependencies:
- name: etcd
  repository: https://charts.bitnami.com/bitnami
  version: 8.8.1
- name: elasticsearch
  repository: https://helm.elastic.co
  version: 7.17.3
- name: influxdb2
  repository: https://helm.influxdata.com
  version: 2.1.1
- name: jaeger
  repository: https://jaegertracing.github.io/helm-charts
  version: 0.71.2
- name: opentelemetry-collector
  repository: https://open-telemetry.github.io/opentelemetry-helm-charts
  version: 0.59.1
- name: kube-prometheus-stack
  repository: https://prometheus-community.github.io/helm-charts
  version: 48.2.1
- name: grafana
  repository: https://grafana.github.io/helm-charts
  version: 7.0.19
digest: sha256:3122bd6072426cf42c39a298cfe70143a8ecd092fa642fe03f3085a1e34dc2af
generated: "2023-12-29T04:21:42.410265+08:00"
